{
  "name": "gl-worker",
  "version": "1.0.0",
  "lockfileVersion": 1,
  "requires": true,
  "dependencies": {
    "lodash": {
      "version": "4.17.15",
      "resolved": "https://registry.npmjs.org/lodash/-/lodash-4.17.15.tgz",
      "integrity": "sha512-8xOcRHvCjnocdS5cpwXQXVzmmh5e5+saE2QGoeQmbKmRS6J3VQppPOIt0MnmE+4xlZoumy0GPG0D0MVIQbNA1A=="
    },
    "electro": {
      "version": "2.1.1",
      "resolved": "https://registry.npmjs.org/electro/-/electro-2.1.1.tgz",
      "integrity": "sha512-FJ24HKE/GGjvD14lBMcMerS3uIGag1SzOLD03L779bAaTi8uzcM8la06yqCO0vHG7gH0hufF9mL0K69+5a625w==",
      "dev": true,
      "requires": {
        "minimist": "~1.2.0",
        "subarg": "^1.0.0"
      }
    },
    "minimist": {
      "version": "1.2.0",
      "resolved": "https://registry.npmjs.org/minimist/-/minimist-1.2.0.tgz",
      "integrity": "sha1-o1AIsg9BOD7sH7kU9M1d95omQoQ=",
      "dev": true
    },
    "subarg": {
      "version": "1.0.0",
      "resolved": "https://registry.npmjs.org/subarg/-/subarg-1.0.0.tgz",
      "integrity": "sha1-9izxdYHplrSPyWVpn1TAauJouNI=",
      "dev": true,
      "requires": {
        "minimist": "^1.1.0"
      }
    }
  }
}
